
Microsoft Visual Studio Solution File, Format Version 12.00
# Visual Studio Version 17
VisualStudioVersion = 17.4.33122.133
MinimumVisualStudioVersion = 10.0.40219.1
Project("{FAE04EC0-301F-11D3-BF4B-00C04F79EFBC}") = "ATM", "ATM\ATM.csproj", "{50DC2C66-CEC2-4DD2-93F3-95929F65EBED}"
EndProject
Global
	GlobalSection(SolutionConfigurationPlatforms) = preSolution
		Debug|Any CPU = Debug|Any CPU
		Release|Any CPU = Release|Any CPU
	EndGlobalSection
	GlobalSection(ProjectConfigurationPlatforms) = postSolution
		{50DC2C66-CEC2-4DD2-93F3-95929F65EBED}.Debug|Any CPU.ActiveCfg = Debug|Any CPU
		{50DC2C66-CEC2-4DD2-93F3-95929F65EBED}.Debug|Any CPU.Build.0 = Debug|Any CPU
		{50DC2C66-CEC2-4DD2-93F3-95929F65EBED}.Release|Any CPU.ActiveCfg = Release|Any CPU
		{50DC2C66-CEC2-4DD2-93F3-95929F65EBED}.Release|Any CPU.Build.0 = Release|Any CPU
	EndGlobalSection
	GlobalSection(SolutionProperties) = preSolution
		HideSolutionNode = FALSE
	EndGlobalSection
	GlobalSection(ExtensibilityGlobals) = postSolution
		SolutionGuid = {918D8406-F060-40D3-A316-F2281B7F1B95}
	EndGlobalSection
EndGlobal
